
Microsoft Visual Studio Solution File, Format Version 12.00
# Visual Studio Version 17
VisualStudioVersion = 17.6.33801.468
MinimumVisualStudioVersion = 10.0.40219.1
Project("{9A19103F-16F7-4668-BE54-9A1E7A4F7556}") = "InheriranceProj", "InheriranceProj.csproj", "{72F411B3-3023-4FEC-8488-F0583A0AB16E}"
EndProject
Project("{9A19103F-16F7-4668-BE54-9A1E7A4F7556}") = "SecondProject", "..\SecondProject\SecondProject.csproj", "{5E588DFF-AE11-472A-9FEB-04A077A7CE41}"
EndProject
Project("{FAE04EC0-301F-11D3-BF4B-00C04F79EFBC}") = "DictionaryProj", "..\DictionaryProj\DictionaryProj.csproj", "{2FF0FB9A-3B7E-4E82-98CE-510C6D25053E}"
EndProject
Project("{FAE04EC0-301F-11D3-BF4B-00C04F79EFBC}") = "HashtableProj", "..\HashtableProj\HashtableProj.csproj", "{1BBF67B4-B4CC-4089-915A-9AC9CA01C905}"
EndProject
Global
	GlobalSection(SolutionConfigurationPlatforms) = preSolution
		Debug|Any CPU = Debug|Any CPU
		Release|Any CPU = Release|Any CPU
	EndGlobalSection
	GlobalSection(ProjectConfigurationPlatforms) = postSolution
		{72F411B3-3023-4FEC-8488-F0583A0AB16E}.Debug|Any CPU.ActiveCfg = Debug|Any CPU
		{72F411B3-3023-4FEC-8488-F0583A0AB16E}.Debug|Any CPU.Build.0 = Debug|Any CPU
		{72F411B3-3023-4FEC-8488-F0583A0AB16E}.Release|Any CPU.ActiveCfg = Release|Any CPU
		{72F411B3-3023-4FEC-8488-F0583A0AB16E}.Release|Any CPU.Build.0 = Release|Any CPU
		{5E588DFF-AE11-472A-9FEB-04A077A7CE41}.Debug|Any CPU.ActiveCfg = Debug|Any CPU
		{5E588DFF-AE11-472A-9FEB-04A077A7CE41}.Debug|Any CPU.Build.0 = Debug|Any CPU
		{5E588DFF-AE11-472A-9FEB-04A077A7CE41}.Release|Any CPU.ActiveCfg = Release|Any CPU
		{5E588DFF-AE11-472A-9FEB-04A077A7CE41}.Release|Any CPU.Build.0 = Release|Any CPU
		{2FF0FB9A-3B7E-4E82-98CE-510C6D25053E}.Debug|Any CPU.ActiveCfg = Debug|Any CPU
		{2FF0FB9A-3B7E-4E82-98CE-510C6D25053E}.Debug|Any CPU.Build.0 = Debug|Any CPU
		{2FF0FB9A-3B7E-4E82-98CE-510C6D25053E}.Release|Any CPU.ActiveCfg = Release|Any CPU
		{2FF0FB9A-3B7E-4E82-98CE-510C6D25053E}.Release|Any CPU.Build.0 = Release|Any CPU
		{1BBF67B4-B4CC-4089-915A-9AC9CA01C905}.Debug|Any CPU.ActiveCfg = Debug|Any CPU
		{1BBF67B4-B4CC-4089-915A-9AC9CA01C905}.Debug|Any CPU.Build.0 = Debug|Any CPU
		{1BBF67B4-B4CC-4089-915A-9AC9CA01C905}.Release|Any CPU.ActiveCfg = Release|Any CPU
		{1BBF67B4-B4CC-4089-915A-9AC9CA01C905}.Release|Any CPU.Build.0 = Release|Any CPU
	EndGlobalSection
	GlobalSection(SolutionProperties) = preSolution
		HideSolutionNode = FALSE
	EndGlobalSection
	GlobalSection(ExtensibilityGlobals) = postSolution
		SolutionGuid = {8404F7F0-3BC5-4A37-8258-6B7542BE7F49}
	EndGlobalSection
EndGlobal
